<Solution>
  <Project Path="LegIron.csproj" />
  <Project Path="Assembly-CSharp.csproj" />
  <Project Path="FangAutoTile.csproj" />
  <Project Path="Framework.csproj" />
  <Project Path="FangAutoTile.Editor.csproj" />
  <Project Path="Codependency.csproj" />
  <Project Path="TakeOne'sOneLife.csproj" />
  <Project Path="Spiderman.csproj" />
</Solution>
